{
  "name": "@tile/cardtile",
  "lockfileVersion": 3,
  "requires": true,
  "packages": {
    "": {
      "name": "@tile/cardtile",
      "dependencies": {
        "@cvernet/signet": "latest"
      }
    },
    "node_modules/@cvernet/signet": {
      "version": "0.6.0",
      "resolved": "https://registry.npmjs.org/@cvernet/signet/-/signet-0.6.0.tgz",
      "integrity": "sha512-T7rxZ2WdoRfYlwjlo9osOHKXQzBbyqn4LbsVwU9BqswIK/xL8tKARdWU6szop5fbu5+ZO0cDhLc7IuqkUfNG/g==",
      "license": "MIT"
    }
  }
}
